
Microsoft Visual Studio Solution File, Format Version 12.00
# Visual Studio Version 16
VisualStudioVersion = 16.0.31019.35
MinimumVisualStudioVersion = 10.0.40219.1
Project("{9A19103F-16F7-4668-BE54-9A1E7A4F7556}") = "Targil0", "Targil0\Targil0.csproj", "{60460664-D657-43C2-8370-C593199236AD}"
EndProject
Project("{2150E333-8FDC-42A3-9474-1A3956D46DE8}") = "Solution Items", "Solution Items", "{1A9FD402-DA6B-4A17-91B0-C78A1339B3E8}"
	ProjectSection(SolutionItems) = preProject
		README.md = README.md
	EndProjectSection
EndProject
Project("{2150E333-8FDC-42A3-9474-1A3956D46DE8}") = "Solution Items (2)", "Solution Items (2)", "{7A56AC93-CCCC-4D77-8F7E-269DCC3BE820}"
	ProjectSection(SolutionItems) = preProject
		README.md = README.md
	EndProjectSection
EndProject
Project("{9A19103F-16F7-4668-BE54-9A1E7A4F7556}") = "ConsoleUI", "ConsoleUI\ConsoleUI.csproj", "{DF46F495-DAF9-4E20-A8C0-31A53C6279EE}"
EndProject
Project("{9A19103F-16F7-4668-BE54-9A1E7A4F7556}") = "DAL", "DAL\DAL.csproj", "{9ECAE7AA-055A-4E5A-9096-E66FE3A6ADD8}"
EndProject
Project("{9A19103F-16F7-4668-BE54-9A1E7A4F7556}") = "BL", "BL\BL.csproj", "{286BD3CA-691F-4ADE-A071-FC7FBE32C612}"
EndProject
Project("{9A19103F-16F7-4668-BE54-9A1E7A4F7556}") = "ConsoleUI_BL", "ConsoleUI_BL\ConsoleUI_BL.csproj", "{9E572E4C-7E3C-4F9F-8828-2145A0A86207}"
EndProject
Project("{9A19103F-16F7-4668-BE54-9A1E7A4F7556}") = "PL", "PL\PL.csproj", "{BDAE639D-AA00-4A86-AB12-526FB544B1F0}"
EndProject
Global
	GlobalSection(SolutionConfigurationPlatforms) = preSolution
		Debug|Any CPU = Debug|Any CPU
		Release|Any CPU = Release|Any CPU
	EndGlobalSection
	GlobalSection(ProjectConfigurationPlatforms) = postSolution
		{60460664-D657-43C2-8370-C593199236AD}.Debug|Any CPU.ActiveCfg = Debug|Any CPU
		{60460664-D657-43C2-8370-C593199236AD}.Debug|Any CPU.Build.0 = Debug|Any CPU
		{60460664-D657-43C2-8370-C593199236AD}.Release|Any CPU.ActiveCfg = Release|Any CPU
		{60460664-D657-43C2-8370-C593199236AD}.Release|Any CPU.Build.0 = Release|Any CPU
		{DF46F495-DAF9-4E20-A8C0-31A53C6279EE}.Debug|Any CPU.ActiveCfg = Debug|Any CPU
		{DF46F495-DAF9-4E20-A8C0-31A53C6279EE}.Debug|Any CPU.Build.0 = Debug|Any CPU
		{DF46F495-DAF9-4E20-A8C0-31A53C6279EE}.Release|Any CPU.ActiveCfg = Release|Any CPU
		{DF46F495-DAF9-4E20-A8C0-31A53C6279EE}.Release|Any CPU.Build.0 = Release|Any CPU
		{9ECAE7AA-055A-4E5A-9096-E66FE3A6ADD8}.Debug|Any CPU.ActiveCfg = Debug|Any CPU
		{9ECAE7AA-055A-4E5A-9096-E66FE3A6ADD8}.Debug|Any CPU.Build.0 = Debug|Any CPU
		{9ECAE7AA-055A-4E5A-9096-E66FE3A6ADD8}.Release|Any CPU.ActiveCfg = Release|Any CPU
		{9ECAE7AA-055A-4E5A-9096-E66FE3A6ADD8}.Release|Any CPU.Build.0 = Release|Any CPU
		{286BD3CA-691F-4ADE-A071-FC7FBE32C612}.Debug|Any CPU.ActiveCfg = Debug|Any CPU
		{286BD3CA-691F-4ADE-A071-FC7FBE32C612}.Debug|Any CPU.Build.0 = Debug|Any CPU
		{286BD3CA-691F-4ADE-A071-FC7FBE32C612}.Release|Any CPU.ActiveCfg = Release|Any CPU
		{286BD3CA-691F-4ADE-A071-FC7FBE32C612}.Release|Any CPU.Build.0 = Release|Any CPU
		{9E572E4C-7E3C-4F9F-8828-2145A0A86207}.Debug|Any CPU.ActiveCfg = Debug|Any CPU
		{9E572E4C-7E3C-4F9F-8828-2145A0A86207}.Debug|Any CPU.Build.0 = Debug|Any CPU
		{9E572E4C-7E3C-4F9F-8828-2145A0A86207}.Release|Any CPU.ActiveCfg = Release|Any CPU
		{9E572E4C-7E3C-4F9F-8828-2145A0A86207}.Release|Any CPU.Build.0 = Release|Any CPU
		{BDAE639D-AA00-4A86-AB12-526FB544B1F0}.Debug|Any CPU.ActiveCfg = Debug|Any CPU
		{BDAE639D-AA00-4A86-AB12-526FB544B1F0}.Debug|Any CPU.Build.0 = Debug|Any CPU
		{BDAE639D-AA00-4A86-AB12-526FB544B1F0}.Release|Any CPU.ActiveCfg = Release|Any CPU
		{BDAE639D-AA00-4A86-AB12-526FB544B1F0}.Release|Any CPU.Build.0 = Release|Any CPU
	EndGlobalSection
	GlobalSection(SolutionProperties) = preSolution
		HideSolutionNode = FALSE
	EndGlobalSection
	GlobalSection(ExtensibilityGlobals) = postSolution
		SolutionGuid = {628DDBE4-AD70-44C6-8254-26FC44B8AB5A}
	EndGlobalSection
EndGlobal
